
Microsoft Visual Studio Solution File, Format Version 12.00
# Visual Studio Version 17
VisualStudioVersion = 17.4.33205.214
MinimumVisualStudioVersion = 10.0.40219.1
Project("{FAE04EC0-301F-11D3-BF4B-00C04F79EFBC}") = "WebApplication1", "WebApplication1\WebApplication1.csproj", "{07D2EC20-99CF-4568-B927-26DA23FC0A7D}"
EndProject
Global
	GlobalSection(SolutionConfigurationPlatforms) = preSolution
		Debug|Any CPU = Debug|Any CPU
		Release|Any CPU = Release|Any CPU
	EndGlobalSection
	GlobalSection(ProjectConfigurationPlatforms) = postSolution
		{07D2EC20-99CF-4568-B927-26DA23FC0A7D}.Debug|Any CPU.ActiveCfg = Debug|Any CPU
		{07D2EC20-99CF-4568-B927-26DA23FC0A7D}.Debug|Any CPU.Build.0 = Debug|Any CPU
		{07D2EC20-99CF-4568-B927-26DA23FC0A7D}.Release|Any CPU.ActiveCfg = Release|Any CPU
		{07D2EC20-99CF-4568-B927-26DA23FC0A7D}.Release|Any CPU.Build.0 = Release|Any CPU
	EndGlobalSection
	GlobalSection(SolutionProperties) = preSolution
		HideSolutionNode = FALSE
	EndGlobalSection
	GlobalSection(ExtensibilityGlobals) = postSolution
		SolutionGuid = {84AFF721-654F-4198-B8F7-113F7E2A0738}
	EndGlobalSection
EndGlobal
